{
  "name": "twentyfive-modal",
  "version": "0.0.20",
  "lockfileVersion": 2,
  "requires": true,
  "packages": {
    "": {
      "name": "twentyfive-modal",
      "version": "0.0.20",
      "dependencies": {
        "@ng-bootstrap/ng-bootstrap": "^15.1.1",
        "bootstrap": "^5.3.2",
        "bootstrap-icons": "^1.11.1",
        "generic-buttons": "^0.0.6",
        "tslib": "^2.3.0",
        "twentyfive-mobile-table-and-row": "^0.0.5"
      },
      "peerDependencies": {
        "@angular/common": "^16.2.0",
        "@angular/core": "^16.2.0"
      }
    },
    "node_modules/@ng-bootstrap/ng-bootstrap": {
      "version": "15.1.1",
      "resolved": "https://registry.npmjs.org/@ng-bootstrap/ng-bootstrap/-/ng-bootstrap-15.1.1.tgz",
      "integrity": "sha512-nZlIMMggtI3IHkGs0XPrUIUdpeEzQvfGV9M4I9IvCqiS2n4RwWoUvWK1ICo4csZqFNBDlCQx956gO6ZZUSL2mw==",
      "dependencies": {
        "tslib": "^2.3.0"
      },
      "peerDependencies": {
        "@angular/common": "^16.0.0",
        "@angular/core": "^16.0.0",
        "@angular/forms": "^16.0.0",
        "@angular/localize": "^16.0.0",
        "@popperjs/core": "^2.11.6",
        "rxjs": "^6.5.3 || ^7.4.0"
      }
    },
    "node_modules/@popperjs/core": {
      "version": "2.11.8",
      "resolved": "https://registry.npmjs.org/@popperjs/core/-/core-2.11.8.tgz",
      "integrity": "sha512-P1st0aksCrn9sGZhp8GMYwBnQsbvAWsZAX44oXNNvLHGqAOcoVxmjZiohstwQ7SqKnbR47akdNi+uleWD8+g6A==",
      "funding": {
        "type": "opencollective",
        "url": "https://opencollective.com/popperjs"
      }
    },
    "node_modules/bootstrap": {
      "version": "5.3.2",
      "resolved": "https://registry.npmjs.org/bootstrap/-/bootstrap-5.3.2.tgz",
      "integrity": "sha512-D32nmNWiQHo94BKHLmOrdjlL05q1c8oxbtBphQFb9Z5to6eGRDCm0QgeaZ4zFBHzfg2++rqa2JkqCcxDy0sH0g==",
      "funding": [
        {
          "type": "github",
          "url": "https://github.com/sponsors/twbs"
        },
        {
          "type": "opencollective",
          "url": "https://opencollective.com/bootstrap"
        }
      ],
      "peerDependencies": {
        "@popperjs/core": "^2.11.8"
      }
    },
    "node_modules/bootstrap-icons": {
      "version": "1.11.1",
      "resolved": "https://registry.npmjs.org/bootstrap-icons/-/bootstrap-icons-1.11.1.tgz",
      "integrity": "sha512-F0DDp7nKUX+x/QtpfRZ+XHFya60ng9nfdpdS59vDDfs4Uhuxp7zym/QavMsu/xx51txkoM9eVmpE7D08N35blw==",
      "funding": [
        {
          "type": "github",
          "url": "https://github.com/sponsors/twbs"
        },
        {
          "type": "opencollective",
          "url": "https://opencollective.com/bootstrap"
        }
      ]
    },
    "node_modules/generic-buttons": {
      "version": "0.0.6",
      "resolved": "https://registry.npmjs.org/generic-buttons/-/generic-buttons-0.0.6.tgz",
      "integrity": "sha512-+ahDnVvmFH5/UyTwnWHIJZXVJtOGRLHMlbEK/WL7hGgHY8oNgoRjnKZ1FQZmUJJOZM0yrKZYEdtqp1i54EDzLg==",
      "dependencies": {
        "@ng-bootstrap/ng-bootstrap": "^15.1.1",
        "@popperjs/core": "^2.11.8",
        "bootstrap": "^5.3.2",
        "bootstrap-icons": "^1.11.1",
        "tslib": "^2.3.0"
      },
      "peerDependencies": {
        "@angular/common": "^16.2.0",
        "@angular/core": "^16.2.0"
      }
    },
    "node_modules/tslib": {
      "version": "2.6.2",
      "resolved": "https://registry.npmjs.org/tslib/-/tslib-2.6.2.tgz",
      "integrity": "sha512-AEYxH93jGFPn/a2iVAwW87VuUIkR1FVUKB77NwMF7nBTDkDrrT/Hpt/IrCJ0QXhW27jTBDcf5ZY7w6RiqTMw2Q=="
    },
    "node_modules/twentyfive-mobile-table-and-row": {
      "version": "0.0.5",
      "resolved": "https://registry.npmjs.org/twentyfive-mobile-table-and-row/-/twentyfive-mobile-table-and-row-0.0.5.tgz",
      "integrity": "sha512-MrEWqshBT8cEYefpXJVwzC51FEjyEQjXgO6bem7BdFhdpSwxI0ys0UwqYK2yY+cZrNqLT9zhSjDKCWG5RDbjNw==",
      "dependencies": {
        "@ng-bootstrap/ng-bootstrap": "^15.1.1",
        "@popperjs/core": "^2.11.8",
        "bootstrap": "^5.3.2",
        "bootstrap-icons": "^1.11.1",
        "tslib": "^2.3.0",
        "twentyfive-switch": "^0.0.2"
      },
      "peerDependencies": {
        "@angular/common": "^16.2.0",
        "@angular/core": "^16.2.0"
      }
    },
    "node_modules/twentyfive-switch": {
      "version": "0.0.2",
      "resolved": "https://registry.npmjs.org/twentyfive-switch/-/twentyfive-switch-0.0.2.tgz",
      "integrity": "sha512-Mrpod8rAwWqkf96nWNW5jXYW2GwmErrEnIlj0FOy43esRhtEi2YdpbxxQsFEwRtMXmry5RPPPzDX9LSkwu4jbg==",
      "dependencies": {
        "@ng-bootstrap/ng-bootstrap": "^15.1.1",
        "@popperjs/core": "^2.11.8",
        "bootstrap": "^5.3.2",
        "tslib": "^2.3.0"
      },
      "peerDependencies": {
        "@angular/common": "^16.2.0",
        "@angular/core": "^16.2.0"
      }
    }
  },
  "dependencies": {
    "@ng-bootstrap/ng-bootstrap": {
      "version": "15.1.1",
      "resolved": "https://registry.npmjs.org/@ng-bootstrap/ng-bootstrap/-/ng-bootstrap-15.1.1.tgz",
      "integrity": "sha512-nZlIMMggtI3IHkGs0XPrUIUdpeEzQvfGV9M4I9IvCqiS2n4RwWoUvWK1ICo4csZqFNBDlCQx956gO6ZZUSL2mw==",
      "requires": {
        "tslib": "^2.3.0"
      }
    },
    "@popperjs/core": {
      "version": "2.11.8",
      "resolved": "https://registry.npmjs.org/@popperjs/core/-/core-2.11.8.tgz",
      "integrity": "sha512-P1st0aksCrn9sGZhp8GMYwBnQsbvAWsZAX44oXNNvLHGqAOcoVxmjZiohstwQ7SqKnbR47akdNi+uleWD8+g6A=="
    },
    "bootstrap": {
      "version": "5.3.2",
      "resolved": "https://registry.npmjs.org/bootstrap/-/bootstrap-5.3.2.tgz",
      "integrity": "sha512-D32nmNWiQHo94BKHLmOrdjlL05q1c8oxbtBphQFb9Z5to6eGRDCm0QgeaZ4zFBHzfg2++rqa2JkqCcxDy0sH0g=="
    },
    "bootstrap-icons": {
      "version": "1.11.1",
      "resolved": "https://registry.npmjs.org/bootstrap-icons/-/bootstrap-icons-1.11.1.tgz",
      "integrity": "sha512-F0DDp7nKUX+x/QtpfRZ+XHFya60ng9nfdpdS59vDDfs4Uhuxp7zym/QavMsu/xx51txkoM9eVmpE7D08N35blw=="
    },
    "generic-buttons": {
      "version": "0.0.6",
      "resolved": "https://registry.npmjs.org/generic-buttons/-/generic-buttons-0.0.6.tgz",
      "integrity": "sha512-+ahDnVvmFH5/UyTwnWHIJZXVJtOGRLHMlbEK/WL7hGgHY8oNgoRjnKZ1FQZmUJJOZM0yrKZYEdtqp1i54EDzLg==",
      "requires": {
        "@ng-bootstrap/ng-bootstrap": "^15.1.1",
        "@popperjs/core": "^2.11.8",
        "bootstrap": "^5.3.2",
        "bootstrap-icons": "^1.11.1",
        "tslib": "^2.3.0"
      }
    },
    "tslib": {
      "version": "2.6.2",
      "resolved": "https://registry.npmjs.org/tslib/-/tslib-2.6.2.tgz",
      "integrity": "sha512-AEYxH93jGFPn/a2iVAwW87VuUIkR1FVUKB77NwMF7nBTDkDrrT/Hpt/IrCJ0QXhW27jTBDcf5ZY7w6RiqTMw2Q=="
    },
    "twentyfive-mobile-table-and-row": {
      "version": "0.0.5",
      "resolved": "https://registry.npmjs.org/twentyfive-mobile-table-and-row/-/twentyfive-mobile-table-and-row-0.0.5.tgz",
      "integrity": "sha512-MrEWqshBT8cEYefpXJVwzC51FEjyEQjXgO6bem7BdFhdpSwxI0ys0UwqYK2yY+cZrNqLT9zhSjDKCWG5RDbjNw==",
      "requires": {
        "@ng-bootstrap/ng-bootstrap": "^15.1.1",
        "@popperjs/core": "^2.11.8",
        "bootstrap": "^5.3.2",
        "bootstrap-icons": "^1.11.1",
        "tslib": "^2.3.0",
        "twentyfive-switch": "^0.0.2"
      }
    },
    "twentyfive-switch": {
      "version": "0.0.2",
      "resolved": "https://registry.npmjs.org/twentyfive-switch/-/twentyfive-switch-0.0.2.tgz",
      "integrity": "sha512-Mrpod8rAwWqkf96nWNW5jXYW2GwmErrEnIlj0FOy43esRhtEi2YdpbxxQsFEwRtMXmry5RPPPzDX9LSkwu4jbg==",
      "requires": {
        "@ng-bootstrap/ng-bootstrap": "^15.1.1",
        "@popperjs/core": "^2.11.8",
        "bootstrap": "^5.3.2",
        "tslib": "^2.3.0"
      }
    }
  }
}
