{
  "name": "twentyfive-navbar",
  "version": "0.0.1",
  "lockfileVersion": 3,
  "requires": true,
  "packages": {
    "": {
      "name": "twentyfive-navbar",
      "version": "0.0.1",
      "dependencies": {
        "@ng-bootstrap/ng-bootstrap": "^15.1.1",
        "@popperjs/core": "^2.11.8",
        "bootstrap": "^5.3.2",
        "bootstrap-icons": "^1.11.1",
        "tslib": "^2.3.0",
        "twentyfive-menu-item": "^0.1.1"
      },
      "peerDependencies": {
        "@angular/common": "^16.2.0",
        "@angular/core": "^16.2.0"
      }
    },
    "node_modules/@ng-bootstrap/ng-bootstrap": {
      "version": "15.1.2",
      "resolved": "https://registry.npmjs.org/@ng-bootstrap/ng-bootstrap/-/ng-bootstrap-15.1.2.tgz",
      "integrity": "sha512-mM2yiGnt9o7KZLIFp8K1vjfmVfu7HR3d8dhH5SszfArbgn9DvvQ4P5D5TDGygzyBSzeyZe18p7I8rX8vgA6DKw==",
      "dependencies": {
        "tslib": "^2.3.0"
      },
      "peerDependencies": {
        "@angular/common": "^16.0.0",
        "@angular/core": "^16.0.0",
        "@angular/forms": "^16.0.0",
        "@angular/localize": "^16.0.0",
        "@popperjs/core": "^2.11.6",
        "rxjs": "^6.5.3 || ^7.4.0"
      }
    },
    "node_modules/@popperjs/core": {
      "version": "2.11.8",
      "resolved": "https://registry.npmjs.org/@popperjs/core/-/core-2.11.8.tgz",
      "integrity": "sha512-P1st0aksCrn9sGZhp8GMYwBnQsbvAWsZAX44oXNNvLHGqAOcoVxmjZiohstwQ7SqKnbR47akdNi+uleWD8+g6A==",
      "funding": {
        "type": "opencollective",
        "url": "https://opencollective.com/popperjs"
      }
    },
    "node_modules/bootstrap": {
      "version": "5.3.2",
      "resolved": "https://registry.npmjs.org/bootstrap/-/bootstrap-5.3.2.tgz",
      "integrity": "sha512-D32nmNWiQHo94BKHLmOrdjlL05q1c8oxbtBphQFb9Z5to6eGRDCm0QgeaZ4zFBHzfg2++rqa2JkqCcxDy0sH0g==",
      "funding": [
        {
          "type": "github",
          "url": "https://github.com/sponsors/twbs"
        },
        {
          "type": "opencollective",
          "url": "https://opencollective.com/bootstrap"
        }
      ],
      "peerDependencies": {
        "@popperjs/core": "^2.11.8"
      }
    },
    "node_modules/bootstrap-icons": {
      "version": "1.11.3",
      "resolved": "https://registry.npmjs.org/bootstrap-icons/-/bootstrap-icons-1.11.3.tgz",
      "integrity": "sha512-+3lpHrCw/it2/7lBL15VR0HEumaBss0+f/Lb6ZvHISn1mlK83jjFpooTLsMWbIjJMDjDjOExMsTxnXSIT4k4ww==",
      "funding": [
        {
          "type": "github",
          "url": "https://github.com/sponsors/twbs"
        },
        {
          "type": "opencollective",
          "url": "https://opencollective.com/bootstrap"
        }
      ]
    },
    "node_modules/tslib": {
      "version": "2.6.2",
      "resolved": "https://registry.npmjs.org/tslib/-/tslib-2.6.2.tgz",
      "integrity": "sha512-AEYxH93jGFPn/a2iVAwW87VuUIkR1FVUKB77NwMF7nBTDkDrrT/Hpt/IrCJ0QXhW27jTBDcf5ZY7w6RiqTMw2Q=="
    },
    "node_modules/twentyfive-menu-item": {
      "version": "0.1.1",
      "resolved": "https://registry.npmjs.org/twentyfive-menu-item/-/twentyfive-menu-item-0.1.1.tgz",
      "integrity": "sha512-wjGP1V59rFVlGdnDUjI0stYFOsfbdbEuY6XMrrBVHSt7B0so3VzpfJ7g1094X2NrZty/KL+Qz0LPZSmdi1nRpA==",
      "dependencies": {
        "@ng-bootstrap/ng-bootstrap": "^15.1.1",
        "@popperjs/core": "^2.11.8",
        "bootstrap": "^5.3.2",
        "bootstrap-icons": "^1.11.1",
        "tslib": "^2.3.0"
      },
      "peerDependencies": {
        "@angular/common": "^16.2.0",
        "@angular/core": "^16.2.0"
      }
    }
  }
}
